
Microsoft Visual Studio Solution File, Format Version 12.00
# Visual Studio Version 17
VisualStudioVersion = 17.0.31903.59
MinimumVisualStudioVersion = 10.0.40219.1
Project("{2150E333-8FDC-42A3-9474-1A3956D46DE8}") = "src", "src", "{E6841304-3BE1-4008-B408-AF40EF48D08C}"
EndProject
Project("{F2A71F9B-5D33-465A-A702-920D77279786}") = "NetProbe.Infra", "src\NetProbe.Infra\NetProbe.Infra.fsproj", "{CD27E493-4FFC-4FF3-99D1-654F085A0F25}"
EndProject
Project("{2150E333-8FDC-42A3-9474-1A3956D46DE8}") = "tests", "tests", "{A4D32113-E549-4A46-A237-557800DBA3B3}"
EndProject
Project("{F2A71F9B-5D33-465A-A702-920D77279786}") = "NetProbe.Infra.Tests", "tests\NetProbe.Infra.Tests\NetProbe.Infra.Tests.fsproj", "{0CFA199E-1F1F-4F0C-8173-9C1E1FD6BC8F}"
EndProject
Project("{F2A71F9B-5D33-465A-A702-920D77279786}") = "NetProbe.Core", "src\NetProbe.Core\NetProbe.Core.fsproj", "{BF64A93D-AD8B-436C-9BAC-66DA66D44F32}"
EndProject
Project("{FAE04EC0-301F-11D3-BF4B-00C04F79EFBC}") = "NetProbe.App", "src\NetProbe.App\NetProbe.App.csproj", "{5C777487-0F23-4A7F-BFB5-8D148FAC5D1E}"
EndProject
Global
	GlobalSection(SolutionConfigurationPlatforms) = preSolution
		Debug|Any CPU = Debug|Any CPU
		Release|Any CPU = Release|Any CPU
	EndGlobalSection
	GlobalSection(SolutionProperties) = preSolution
		HideSolutionNode = FALSE
	EndGlobalSection
	GlobalSection(ProjectConfigurationPlatforms) = postSolution
		{CD27E493-4FFC-4FF3-99D1-654F085A0F25}.Debug|Any CPU.ActiveCfg = Debug|Any CPU
		{CD27E493-4FFC-4FF3-99D1-654F085A0F25}.Debug|Any CPU.Build.0 = Debug|Any CPU
		{CD27E493-4FFC-4FF3-99D1-654F085A0F25}.Release|Any CPU.ActiveCfg = Release|Any CPU
		{CD27E493-4FFC-4FF3-99D1-654F085A0F25}.Release|Any CPU.Build.0 = Release|Any CPU
		{0CFA199E-1F1F-4F0C-8173-9C1E1FD6BC8F}.Debug|Any CPU.ActiveCfg = Debug|Any CPU
		{0CFA199E-1F1F-4F0C-8173-9C1E1FD6BC8F}.Debug|Any CPU.Build.0 = Debug|Any CPU
		{0CFA199E-1F1F-4F0C-8173-9C1E1FD6BC8F}.Release|Any CPU.ActiveCfg = Release|Any CPU
		{0CFA199E-1F1F-4F0C-8173-9C1E1FD6BC8F}.Release|Any CPU.Build.0 = Release|Any CPU
		{BF64A93D-AD8B-436C-9BAC-66DA66D44F32}.Debug|Any CPU.ActiveCfg = Debug|Any CPU
		{BF64A93D-AD8B-436C-9BAC-66DA66D44F32}.Debug|Any CPU.Build.0 = Debug|Any CPU
		{BF64A93D-AD8B-436C-9BAC-66DA66D44F32}.Release|Any CPU.ActiveCfg = Release|Any CPU
		{BF64A93D-AD8B-436C-9BAC-66DA66D44F32}.Release|Any CPU.Build.0 = Release|Any CPU
		{5C777487-0F23-4A7F-BFB5-8D148FAC5D1E}.Debug|Any CPU.ActiveCfg = Debug|Any CPU
		{5C777487-0F23-4A7F-BFB5-8D148FAC5D1E}.Debug|Any CPU.Build.0 = Debug|Any CPU
		{5C777487-0F23-4A7F-BFB5-8D148FAC5D1E}.Release|Any CPU.ActiveCfg = Release|Any CPU
		{5C777487-0F23-4A7F-BFB5-8D148FAC5D1E}.Release|Any CPU.Build.0 = Release|Any CPU
	EndGlobalSection
	GlobalSection(NestedProjects) = preSolution
		{CD27E493-4FFC-4FF3-99D1-654F085A0F25} = {E6841304-3BE1-4008-B408-AF40EF48D08C}
		{0CFA199E-1F1F-4F0C-8173-9C1E1FD6BC8F} = {A4D32113-E549-4A46-A237-557800DBA3B3}
		{BF64A93D-AD8B-436C-9BAC-66DA66D44F32} = {E6841304-3BE1-4008-B408-AF40EF48D08C}
		{5C777487-0F23-4A7F-BFB5-8D148FAC5D1E} = {E6841304-3BE1-4008-B408-AF40EF48D08C}
	EndGlobalSection
EndGlobal
